
Microsoft Visual Studio Solution File, Format Version 12.00
# Visual Studio Version 16
VisualStudioVersion = 16.0.29926.136
MinimumVisualStudioVersion = 10.0.40219.1
Project("{FAE04EC0-301F-11D3-BF4B-00C04F79EFBC}") = "M10Debugger", "M10Debugger\M10Debugger.csproj", "{1C3F89D7-B5A2-40F3-A6D7-DE9E258677E4}"
EndProject
Project("{FAE04EC0-301F-11D3-BF4B-00C04F79EFBC}") = "ALegeplads", "ALegeplads\ALegeplads.csproj", "{ED66953F-D5E6-4E20-8D94-A1E7C63C74BF}"
EndProject
Global
	GlobalSection(SolutionConfigurationPlatforms) = preSolution
		Debug|Any CPU = Debug|Any CPU
		Release|Any CPU = Release|Any CPU
	EndGlobalSection
	GlobalSection(ProjectConfigurationPlatforms) = postSolution
		{1C3F89D7-B5A2-40F3-A6D7-DE9E258677E4}.Debug|Any CPU.ActiveCfg = Debug|Any CPU
		{1C3F89D7-B5A2-40F3-A6D7-DE9E258677E4}.Debug|Any CPU.Build.0 = Debug|Any CPU
		{1C3F89D7-B5A2-40F3-A6D7-DE9E258677E4}.Release|Any CPU.ActiveCfg = Release|Any CPU
		{1C3F89D7-B5A2-40F3-A6D7-DE9E258677E4}.Release|Any CPU.Build.0 = Release|Any CPU
		{ED66953F-D5E6-4E20-8D94-A1E7C63C74BF}.Debug|Any CPU.ActiveCfg = Debug|Any CPU
		{ED66953F-D5E6-4E20-8D94-A1E7C63C74BF}.Debug|Any CPU.Build.0 = Debug|Any CPU
		{ED66953F-D5E6-4E20-8D94-A1E7C63C74BF}.Release|Any CPU.ActiveCfg = Release|Any CPU
		{ED66953F-D5E6-4E20-8D94-A1E7C63C74BF}.Release|Any CPU.Build.0 = Release|Any CPU
	EndGlobalSection
	GlobalSection(SolutionProperties) = preSolution
		HideSolutionNode = FALSE
	EndGlobalSection
	GlobalSection(ExtensibilityGlobals) = postSolution
		SolutionGuid = {3C3B9E91-8286-4207-BDA8-DB01818DD94D}
	EndGlobalSection
EndGlobal
